
Microsoft Visual Studio Solution File, Format Version 12.00
# Visual Studio Version 16
VisualStudioVersion = 16.0.31025.194
MinimumVisualStudioVersion = 10.0.40219.1
Project("{9A19103F-16F7-4668-BE54-9A1E7A4F7556}") = "ConsoleApp", "ConsoleApp\ConsoleApp.csproj", "{C96010E4-E822-47B7-90B4-F59DAB07936D}"
EndProject
Project("{F184B08F-C81C-45F6-A57F-5ABD9991F28F}") = "ConsoleAppVB", "ConsoleAppVB\ConsoleAppVB.vbproj", "{BCDE6D0C-2625-4748-BAF9-3B3ABBCF5C5F}"
EndProject
Project("{FAE04EC0-301F-11D3-BF4B-00C04F79EFBC}") = "Aspx", "Aspx\Aspx.csproj", "{45FB2582-A8D2-414F-A6B6-D755A4279E32}"
EndProject
Project("{FAE04EC0-301F-11D3-BF4B-00C04F79EFBC}") = "Aspx1", "Aspx1\Aspx1.csproj", "{DBE66241-EC2A-4EC5-8FAB-C879AAA10669}"
EndProject
Global
	GlobalSection(SolutionConfigurationPlatforms) = preSolution
		Debug|Any CPU = Debug|Any CPU
		Release|Any CPU = Release|Any CPU
	EndGlobalSection
	GlobalSection(ProjectConfigurationPlatforms) = postSolution
		{C96010E4-E822-47B7-90B4-F59DAB07936D}.Debug|Any CPU.ActiveCfg = Debug|Any CPU
		{C96010E4-E822-47B7-90B4-F59DAB07936D}.Debug|Any CPU.Build.0 = Debug|Any CPU
		{C96010E4-E822-47B7-90B4-F59DAB07936D}.Release|Any CPU.ActiveCfg = Release|Any CPU
		{C96010E4-E822-47B7-90B4-F59DAB07936D}.Release|Any CPU.Build.0 = Release|Any CPU
		{BCDE6D0C-2625-4748-BAF9-3B3ABBCF5C5F}.Debug|Any CPU.ActiveCfg = Debug|Any CPU
		{BCDE6D0C-2625-4748-BAF9-3B3ABBCF5C5F}.Debug|Any CPU.Build.0 = Debug|Any CPU
		{BCDE6D0C-2625-4748-BAF9-3B3ABBCF5C5F}.Release|Any CPU.ActiveCfg = Release|Any CPU
		{BCDE6D0C-2625-4748-BAF9-3B3ABBCF5C5F}.Release|Any CPU.Build.0 = Release|Any CPU
		{45FB2582-A8D2-414F-A6B6-D755A4279E32}.Debug|Any CPU.ActiveCfg = Debug|Any CPU
		{45FB2582-A8D2-414F-A6B6-D755A4279E32}.Debug|Any CPU.Build.0 = Debug|Any CPU
		{45FB2582-A8D2-414F-A6B6-D755A4279E32}.Release|Any CPU.ActiveCfg = Release|Any CPU
		{45FB2582-A8D2-414F-A6B6-D755A4279E32}.Release|Any CPU.Build.0 = Release|Any CPU
		{DBE66241-EC2A-4EC5-8FAB-C879AAA10669}.Debug|Any CPU.ActiveCfg = Debug|Any CPU
		{DBE66241-EC2A-4EC5-8FAB-C879AAA10669}.Debug|Any CPU.Build.0 = Debug|Any CPU
		{DBE66241-EC2A-4EC5-8FAB-C879AAA10669}.Release|Any CPU.ActiveCfg = Release|Any CPU
		{DBE66241-EC2A-4EC5-8FAB-C879AAA10669}.Release|Any CPU.Build.0 = Release|Any CPU
	EndGlobalSection
	GlobalSection(SolutionProperties) = preSolution
		HideSolutionNode = FALSE
	EndGlobalSection
	GlobalSection(ExtensibilityGlobals) = postSolution
		SolutionGuid = {3993C3C1-9BB3-4625-BE6A-FF85DE7F6AF1}
	EndGlobalSection
EndGlobal
